
Microsoft Visual Studio Solution File, Format Version 12.00
# Visual Studio Version 17
VisualStudioVersion = 17.3.32804.467
MinimumVisualStudioVersion = 10.0.40219.1
Project("{FAE04EC0-301F-11D3-BF4B-00C04F79EFBC}") = "ExpressAppBackEnd", "ExpressAppBackEnd\ExpressAppBackEnd.csproj", "{D26A1C69-71E7-4FE4-AB88-0CAAC203EC74}"
EndProject
Global
	GlobalSection(SolutionConfigurationPlatforms) = preSolution
		Debug|Any CPU = Debug|Any CPU
		Release|Any CPU = Release|Any CPU
	EndGlobalSection
	GlobalSection(ProjectConfigurationPlatforms) = postSolution
		{D26A1C69-71E7-4FE4-AB88-0CAAC203EC74}.Debug|Any CPU.ActiveCfg = Debug|Any CPU
		{D26A1C69-71E7-4FE4-AB88-0CAAC203EC74}.Debug|Any CPU.Build.0 = Debug|Any CPU
		{D26A1C69-71E7-4FE4-AB88-0CAAC203EC74}.Release|Any CPU.ActiveCfg = Release|Any CPU
		{D26A1C69-71E7-4FE4-AB88-0CAAC203EC74}.Release|Any CPU.Build.0 = Release|Any CPU
	EndGlobalSection
	GlobalSection(SolutionProperties) = preSolution
		HideSolutionNode = FALSE
	EndGlobalSection
	GlobalSection(ExtensibilityGlobals) = postSolution
		SolutionGuid = {2130C3E5-9104-4A16-AD15-A6841995EAAE}
	EndGlobalSection
EndGlobal
